{
    "version": 3,
    "terraform_version": "0.11.7",
    "serial": 2,
    "lineage": "5b8a776b-779e-9196-aeee-d28bafca62b0",
    "modules": [
        {
            "path": [
                "root"
            ],
            "outputs": {},
            "resources": {
                "azurerm_resource_group.main": {
                    "type": "azurerm_resource_group",
                    "depends_on": [],
                    "primary": {
                        "id": "/subscriptions/d5079cf1-c06b-4aaa-8b93-e0e761b5590b/resourceGroups/hashidays-resources",
                        "attributes": {
                            "id": "/subscriptions/d5079cf1-c06b-4aaa-8b93-e0e761b5590b/resourceGroups/hashidays-resources",
                            "location": "westeurope",
                            "name": "hashidays-resources",
                            "tags.%": "0"
                        },
                        "meta": {},
                        "tainted": false
                    },
                    "deposed": [],
                    "provider": "provider.azurerm"
                }
            },
            "depends_on": []
        },
        {
            "path": [
                "root",
                "kubernetes"
            ],
            "outputs": {},
            "resources": {},
            "depends_on": []
        },
        {
            "path": [
                "root",
                "redis-cache"
            ],
            "outputs": {
                "hostname": {
                    "sensitive": false,
                    "type": "string",
                    "value": "hashidays-redis.redis.cache.windows.net"
                },
                "primary_access_key": {
                    "sensitive": false,
                    "type": "string",
                    "value": "7v3VmutdfwWShJIpOBMwLeIlqUHZgZ3XBZt9QDeDrlo="
                },
                "secondary_access_key": {
                    "sensitive": false,
                    "type": "string",
                    "value": "pLAURuG4oz4zffl74TtkF6WyUfBOR48bIBimiBLbDVc="
                }
            },
            "resources": {
                "azurerm_redis_cache.main": {
                    "type": "azurerm_redis_cache",
                    "depends_on": [],
                    "primary": {
                        "id": "/subscriptions/d5079cf1-c06b-4aaa-8b93-e0e761b5590b/resourceGroups/hashidays-resources/providers/Microsoft.Cache/Redis/hashidays-redis",
                        "attributes": {
                            "capacity": "2",
                            "enable_non_ssl_port": "true",
                            "family": "C",
                            "hostname": "hashidays-redis.redis.cache.windows.net",
                            "id": "/subscriptions/d5079cf1-c06b-4aaa-8b93-e0e761b5590b/resourceGroups/hashidays-resources/providers/Microsoft.Cache/Redis/hashidays-redis",
                            "location": "westeurope",
                            "name": "hashidays-redis",
                            "port": "6379",
                            "primary_access_key": "7v3VmutdfwWShJIpOBMwLeIlqUHZgZ3XBZt9QDeDrlo=",
                            "private_static_ip_address": "",
                            "redis_configuration.#": "1",
                            "redis_configuration.0.maxclients": "1000",
                            "redis_configuration.0.maxmemory_delta": "0",
                            "redis_configuration.0.maxmemory_policy": "volatile-lru",
                            "redis_configuration.0.maxmemory_reserved": "0",
                            "redis_configuration.0.notify_keyspace_events": "",
                            "redis_configuration.0.rdb_backup_enabled": "false",
                            "redis_configuration.0.rdb_backup_frequency": "0",
                            "redis_configuration.0.rdb_backup_max_snapshot_count": "0",
                            "redis_configuration.0.rdb_storage_connection_string": "",
                            "resource_group_name": "hashidays-resources",
                            "secondary_access_key": "pLAURuG4oz4zffl74TtkF6WyUfBOR48bIBimiBLbDVc=",
                            "sku_name": "Standard",
                            "ssl_port": "6380",
                            "subnet_id": "",
                            "tags.%": "0"
                        },
                        "meta": {},
                        "tainted": false
                    },
                    "deposed": [],
                    "provider": "provider.azurerm"
                }
            },
            "depends_on": []
        },
        {
            "path": [
                "root",
                "ssh-key"
            ],
            "outputs": {
                "public_ssh_key": {
                    "sensitive": false,
                    "type": "string",
                    "value": "ssh-rsa AAAAB3NzaC1yc2EAAAADAQABAAABAQCxz7IwCSEQ9ncuw9dKWOFkEIZdTeNpaiRv482SBpc1PXwehpNZIUu3f4zWNtv7zoUxowdVG7H6+FzV97bDVdkD0LQJzuJ2B2WfVUU9WzRluBf5xONMScvUcZZcIZUxeetRi5hfny2szoT5ssf1JvDnpEzhs1PhYVFMeRjVGYjhkVPSMVbL44+s32fWAEEmHB4oIGBqQBP8LKfshRIHrnHKRbnXnZ/CV2/cWbWv1v7g4PkZyoBXGpCroQ9Ac6IIdcG8KcOq+hD8B/4bnjXa+lvjzL7XvoDIoEtZ2g6aDxpuMyTCyUk3Q14EjBADKXdNfzPr/RUHECMRcw3D6/OgJYQf\n"
                }
            },
            "resources": {
                "local_file.private_key": {
                    "type": "local_file",
                    "depends_on": [
                        "tls_private_key.ssh"
                    ],
                    "primary": {
                        "id": "89286f9a91372650d9c4c6e037ca9baf0afbe094",
                        "attributes": {
                            "content": "-----BEGIN RSA PRIVATE KEY-----\nMIIEowIBAAKCAQEAsc+yMAkhEPZ3LsPXSljhZBCGXU3jaWokb+PNkgaXNT18HoaT\nWSFLt3+M1jbb+86FMaMHVRux+vhc1fe2w1XZA9C0Cc7idgdln1VFPVs0ZbgX+cTj\nTEnL1HGWXCGVMXnrUYuYX58trM6E+bLH9Sbw56RM4bNT4WFRTHkY1RmI4ZFT0jFW\ny+OPrN9n1gBBJhweKCBgakAT/Cyn7IUSB65xykW5152fwldv3Fm1r9b+4OD5GcqA\nVxqQq6EPQHOiCHXBvCnDqvoQ/Af+G5412vpb48y+176AyKBLWdoOmg8abjMkwslJ\nN0NeBIwQAyl3TX8z6/0VBxAjEXMNw+vzoCWEHwIDAQABAoIBAHR1gFON5yZhBvaO\nNnfvdtA/MoHx/byRVIQkRAQcZPTt7Flh8ygxcpIg7HFxROvL+9ji2m6X0R57hPJv\naDjQBW9GRmUWJ6T+e0S8aLki/1KQHMPufKD+xI3ER6LYLAtXuxSRxZ77dsL0EIwq\n2GRsuOQ+7Ev3VD0NrF3WArmwG8MAgNO2K+JKh2ucfOzI6QKRTnkraDtA6q6aQG0n\n6jo8SnlEVp5LuyfXC/8MtMfR0lbWRddR5kt0MXaEctfvTEMY9NRN+L8Ig64TiwbV\n7/dCk1BK1aac9/cVAkDQ0mpoVs6iYVvdXZQtY8tOrWTxPw/u3c7HQr/XVdOXOQfy\n8cR7O6ECgYEA00LzDeAvPiETAmqOc8OLjYwhrDnqEK6sjXS5ZWpBXpIUGqaKVObn\ni69GA+cwVxG5/azcsHxi+LxqiFPm5NN997WmJdQghiFNqU8kRBZhKeuUdeSnr1al\nWhmdaGuFJCMgJBBswKCWmgjA2UlqClNDLozqUJDNKfkZ1daiDPsqKM0CgYEA13dS\nU47LVFktISjmHS/VMVZMzOlnp6aAg8W7Q9N4EYpQTS65M/tRz0obCwzdLX60rvUH\nlzxYbQx/NWGrp8suwQxLYaTvbRci3Ld6Ko/uzKjQWyrA8dFTzGf8mZ09HUGk2+vK\nbhldZXw+h7IM4vBe0RGnYcZJVSmK4hj4KN9aEJsCgYAg4H9gvm27tnv12U1X+KuE\nGLW4zr59YCGcVfjwLmwD4qncR+SpN9H67AjyXI0qT6jpMHibwo/Ic9IEa0I4hC1L\nWmqD4pI5LX+fhKB5NB5k3rOY8T+jStGqxue3M1xh9lFvK1sxUwx85jXU2tb0ymZf\nHTDt3sr+6DQ8Eg3gBUpXVQKBgQC3ENhPyikTl1jyrY8mCTf33T0PdNfu51aVnvCG\npiuDq6KikSol8kgF+Q6VCu748oiNhf5XDpyKum1ya3Ou8sDcoJeDdOFALMIgCXuw\noe3g0SWF8ANS8eli6I8D7Ua5jsaFXAb4GHD0AuYV4L92KYhF1dwDBLfVtaAcjd56\ny5n4NQKBgGZAAeXlUsrXTjHRL65v+IqOIP8gU7ePxKl84x9F0Q9ouG9QHcCpKRbm\n/khQN73H5Q9ZAxPCP/HqksNyL12HWBqZ7LNqpLK9N8rnzgHcT0PD73tO+MRyhfPA\nfSdK0lLqNHY1UXYovV1euLe4DWtEtClh3UXDDb1s7uzdV7r86rES\n-----END RSA PRIVATE KEY-----\n",
                            "filename": "./private_ssh_key",
                            "id": "89286f9a91372650d9c4c6e037ca9baf0afbe094"
                        },
                        "meta": {},
                        "tainted": false
                    },
                    "deposed": [],
                    "provider": "provider.local"
                },
                "tls_private_key.ssh": {
                    "type": "tls_private_key",
                    "depends_on": [],
                    "primary": {
                        "id": "37b57450dc3b96a073a8016d5a43142ced4e29e5",
                        "attributes": {
                            "algorithm": "RSA",
                            "ecdsa_curve": "P224",
                            "id": "37b57450dc3b96a073a8016d5a43142ced4e29e5",
                            "private_key_pem": "-----BEGIN RSA PRIVATE KEY-----\nMIIEowIBAAKCAQEAsc+yMAkhEPZ3LsPXSljhZBCGXU3jaWokb+PNkgaXNT18HoaT\nWSFLt3+M1jbb+86FMaMHVRux+vhc1fe2w1XZA9C0Cc7idgdln1VFPVs0ZbgX+cTj\nTEnL1HGWXCGVMXnrUYuYX58trM6E+bLH9Sbw56RM4bNT4WFRTHkY1RmI4ZFT0jFW\ny+OPrN9n1gBBJhweKCBgakAT/Cyn7IUSB65xykW5152fwldv3Fm1r9b+4OD5GcqA\nVxqQq6EPQHOiCHXBvCnDqvoQ/Af+G5412vpb48y+176AyKBLWdoOmg8abjMkwslJ\nN0NeBIwQAyl3TX8z6/0VBxAjEXMNw+vzoCWEHwIDAQABAoIBAHR1gFON5yZhBvaO\nNnfvdtA/MoHx/byRVIQkRAQcZPTt7Flh8ygxcpIg7HFxROvL+9ji2m6X0R57hPJv\naDjQBW9GRmUWJ6T+e0S8aLki/1KQHMPufKD+xI3ER6LYLAtXuxSRxZ77dsL0EIwq\n2GRsuOQ+7Ev3VD0NrF3WArmwG8MAgNO2K+JKh2ucfOzI6QKRTnkraDtA6q6aQG0n\n6jo8SnlEVp5LuyfXC/8MtMfR0lbWRddR5kt0MXaEctfvTEMY9NRN+L8Ig64TiwbV\n7/dCk1BK1aac9/cVAkDQ0mpoVs6iYVvdXZQtY8tOrWTxPw/u3c7HQr/XVdOXOQfy\n8cR7O6ECgYEA00LzDeAvPiETAmqOc8OLjYwhrDnqEK6sjXS5ZWpBXpIUGqaKVObn\ni69GA+cwVxG5/azcsHxi+LxqiFPm5NN997WmJdQghiFNqU8kRBZhKeuUdeSnr1al\nWhmdaGuFJCMgJBBswKCWmgjA2UlqClNDLozqUJDNKfkZ1daiDPsqKM0CgYEA13dS\nU47LVFktISjmHS/VMVZMzOlnp6aAg8W7Q9N4EYpQTS65M/tRz0obCwzdLX60rvUH\nlzxYbQx/NWGrp8suwQxLYaTvbRci3Ld6Ko/uzKjQWyrA8dFTzGf8mZ09HUGk2+vK\nbhldZXw+h7IM4vBe0RGnYcZJVSmK4hj4KN9aEJsCgYAg4H9gvm27tnv12U1X+KuE\nGLW4zr59YCGcVfjwLmwD4qncR+SpN9H67AjyXI0qT6jpMHibwo/Ic9IEa0I4hC1L\nWmqD4pI5LX+fhKB5NB5k3rOY8T+jStGqxue3M1xh9lFvK1sxUwx85jXU2tb0ymZf\nHTDt3sr+6DQ8Eg3gBUpXVQKBgQC3ENhPyikTl1jyrY8mCTf33T0PdNfu51aVnvCG\npiuDq6KikSol8kgF+Q6VCu748oiNhf5XDpyKum1ya3Ou8sDcoJeDdOFALMIgCXuw\noe3g0SWF8ANS8eli6I8D7Ua5jsaFXAb4GHD0AuYV4L92KYhF1dwDBLfVtaAcjd56\ny5n4NQKBgGZAAeXlUsrXTjHRL65v+IqOIP8gU7ePxKl84x9F0Q9ouG9QHcCpKRbm\n/khQN73H5Q9ZAxPCP/HqksNyL12HWBqZ7LNqpLK9N8rnzgHcT0PD73tO+MRyhfPA\nfSdK0lLqNHY1UXYovV1euLe4DWtEtClh3UXDDb1s7uzdV7r86rES\n-----END RSA PRIVATE KEY-----\n",
                            "public_key_openssh": "ssh-rsa AAAAB3NzaC1yc2EAAAADAQABAAABAQCxz7IwCSEQ9ncuw9dKWOFkEIZdTeNpaiRv482SBpc1PXwehpNZIUu3f4zWNtv7zoUxowdVG7H6+FzV97bDVdkD0LQJzuJ2B2WfVUU9WzRluBf5xONMScvUcZZcIZUxeetRi5hfny2szoT5ssf1JvDnpEzhs1PhYVFMeRjVGYjhkVPSMVbL44+s32fWAEEmHB4oIGBqQBP8LKfshRIHrnHKRbnXnZ/CV2/cWbWv1v7g4PkZyoBXGpCroQ9Ac6IIdcG8KcOq+hD8B/4bnjXa+lvjzL7XvoDIoEtZ2g6aDxpuMyTCyUk3Q14EjBADKXdNfzPr/RUHECMRcw3D6/OgJYQf\n",
                            "public_key_pem": "-----BEGIN PUBLIC KEY-----\nMIIBIjANBgkqhkiG9w0BAQEFAAOCAQ8AMIIBCgKCAQEAsc+yMAkhEPZ3LsPXSljh\nZBCGXU3jaWokb+PNkgaXNT18HoaTWSFLt3+M1jbb+86FMaMHVRux+vhc1fe2w1XZ\nA9C0Cc7idgdln1VFPVs0ZbgX+cTjTEnL1HGWXCGVMXnrUYuYX58trM6E+bLH9Sbw\n56RM4bNT4WFRTHkY1RmI4ZFT0jFWy+OPrN9n1gBBJhweKCBgakAT/Cyn7IUSB65x\nykW5152fwldv3Fm1r9b+4OD5GcqAVxqQq6EPQHOiCHXBvCnDqvoQ/Af+G5412vpb\n48y+176AyKBLWdoOmg8abjMkwslJN0NeBIwQAyl3TX8z6/0VBxAjEXMNw+vzoCWE\nHwIDAQAB\n-----END PUBLIC KEY-----\n",
                            "rsa_bits": "2048"
                        },
                        "meta": {},
                        "tainted": false
                    },
                    "deposed": [],
                    "provider": "provider.tls"
                }
            },
            "depends_on": []
        }
    ]
}
